// !$*UTF8*$!
{
	archiveVersion = 1;
	classes = {
	};
	objectVersion = 46;
	objects = {

/* Begin PBXBuildFile section */
		D9296CB31EDB0F4900C54D89 /* AppDelegate.swift in Sources */ = {isa = PBXBuildFile; fileRef = D9296CB21EDB0F4900C54D89 /* AppDelegate.swift */; };
		D9296CB51EDB0F4900C54D89 /* ViewController.swift in Sources */ = {isa = PBXBuildFile; fileRef = D9296CB41EDB0F4900C54D89 /* ViewController.swift */; };
		D9296CB81EDB0F4900C54D89 /* Main.storyboard in Resources */ = {isa = PBXBuildFile; fileRef = D9296CB61EDB0F4900C54D89 /* Main.storyboard */; };
		D9296CBA1EDB0F4900C54D89 /* Assets.xcassets in Resources */ = {isa = PBXBuildFile; fileRef = D9296CB91EDB0F4900C54D89 /* Assets.xcassets */; };
		D9296CBD1EDB0F4900C54D89 /* LaunchScreen.storyboard in Resources */ = {isa = PBXBuildFile; fileRef = D9296CBB1EDB0F4900C54D89 /* LaunchScreen.storyboard */; };
		D9296CC81EDB0F4900C54D89 /* MVP_FlowControllersTests.swift in Sources */ = {isa = PBXBuildFile; fileRef = D9296CC71EDB0F4900C54D89 /* MVP_FlowControllersTests.swift */; };
/* End PBXBuildFile section */

/* Begin PBXContainerItemProxy section */
		D9296CC41EDB0F4900C54D89 /* PBXContainerItemProxy */ = {
			isa = PBXContainerItemProxy;
			containerPortal = D9296CA71EDB0F4900C54D89 /* Project object */;
			proxyType = 1;
			remoteGlobalIDString = D9296CAE1EDB0F4900C54D89;
			remoteInfo = "MVP-FlowControllers";
		};
/* End PBXContainerItemProxy section */

/* Begin PBXFileReference section */
		D9296CAF1EDB0F4900C54D89 /* MVP-FlowControllers.app */ = {isa = PBXFileReference; explicitFileType = wrapper.application; includeInIndex = 0; path = "MVP-FlowControllers.app"; sourceTree = BUILT_PRODUCTS_DIR; };
		D9296CB21EDB0F4900C54D89 /* AppDelegate.swift */ = {isa = PBXFileReference; lastKnownFileType = sourcecode.swift; path = AppDelegate.swift; sourceTree = "<group>"; };
		D9296CB41EDB0F4900C54D89 /* ViewController.swift */ = {isa = PBXFileReference; lastKnownFileType = sourcecode.swift; path = ViewController.swift; sourceTree = "<group>"; };
		D9296CB71EDB0F4900C54D89 /* Base */ = {isa = PBXFileReference; lastKnownFileType = file.storyboard; name = Base; path = Base.lproj/Main.storyboard; sourceTree = "<group>"; };
		D9296CB91EDB0F4900C54D89 /* Assets.xcassets */ = {isa = PBXFileReference; lastKnownFileType = folder.assetcatalog; path = Assets.xcassets; sourceTree = "<group>"; };
		D9296CBC1EDB0F4900C54D89 /* Base */ = {isa = PBXFileReference; lastKnownFileType = file.storyboard; name = Base; path = Base.lproj/LaunchScreen.storyboard; sourceTree = "<group>"; };
		D9296CBE1EDB0F4900C54D89 /* Info.plist */ = {isa = PBXFileReference; lastKnownFileType = text.plist.xml; path = Info.plist; sourceTree = "<group>"; };
		D9296CC31EDB0F4900C54D89 /* MVP-FlowControllersTests.xctest */ = {isa = PBXFileReference; explicitFileType = wrapper.cfbundle; includeInIndex = 0; path = "MVP-FlowControllersTests.xctest"; sourceTree = BUILT_PRODUCTS_DIR; };
		D9296CC71EDB0F4900C54D89 /* MVP_FlowControllersTests.swift */ = {isa = PBXFileReference; lastKnownFileType = sourcecode.swift; path = MVP_FlowControllersTests.swift; sourceTree = "<group>"; };
		D9296CC91EDB0F4900C54D89 /* Info.plist */ = {isa = PBXFileReference; lastKnownFileType = text.plist.xml; path = Info.plist; sourceTree = "<group>"; };
/* End PBXFileReference section */

/* Begin PBXFrameworksBuildPhase section */
		D9296CAC1EDB0F4900C54D89 /* Frameworks */ = {
			isa = PBXFrameworksBuildPhase;
			buildActionMask = 2147483647;
			files = (
			);
			runOnlyForDeploymentPostprocessing = 0;
		};
		D9296CC01EDB0F4900C54D89 /* Frameworks */ = {
			isa = PBXFrameworksBuildPhase;
			buildActionMask = 2147483647;
			files = (
			);
			runOnlyForDeploymentPostprocessing = 0;
		};
/* End PBXFrameworksBuildPhase section */

/* Begin PBXGroup section */
		D9296CA61EDB0F4900C54D89 = {
			isa = PBXGroup;
			children = (
				D9296CB11EDB0F4900C54D89 /* MVP-FlowControllers */,
				D9296CC61EDB0F4900C54D89 /* MVP-FlowControllersTests */,
				D9296CB01EDB0F4900C54D89 /* Products */,
			);
			sourceTree = "<group>";
		};
		D9296CB01EDB0F4900C54D89 /* Products */ = {
			isa = PBXGroup;
			children = (
				D9296CAF1EDB0F4900C54D89 /* MVP-FlowControllers.app */,
				D9296CC31EDB0F4900C54D89 /* MVP-FlowControllersTests.xctest */,
			);
			name = Products;
			sourceTree = "<group>";
		};
		D9296CB11EDB0F4900C54D89 /* MVP-FlowControllers */ = {
			isa = PBXGroup;
			children = (
				D9296CB21EDB0F4900C54D89 /* AppDelegate.swift */,
				D9296CB41EDB0F4900C54D89 /* ViewController.swift */,
				D9296CB61EDB0F4900C54D89 /* Main.storyboard */,
				D9296CB91EDB0F4900C54D89 /* Assets.xcassets */,
				D9296CBB1EDB0F4900C54D89 /* LaunchScreen.storyboard */,
				D9296CBE1EDB0F4900C54D89 /* Info.plist */,
			);
			path = "MVP-FlowControllers";
			sourceTree = "<group>";
		};
		D9296CC61EDB0F4900C54D89 /* MVP-FlowControllersTests */ = {
			isa = PBXGroup;
			children = (
				D9296CC71EDB0F4900C54D89 /* MVP_FlowControllersTests.swift */,
				D9296CC91EDB0F4900C54D89 /* Info.plist */,
			);
			path = "MVP-FlowControllersTests";
			sourceTree = "<group>";
		};
/* End PBXGroup section */

/* Begin PBXNativeTarget section */
		D9296CAE1EDB0F4900C54D89 /* MVP-FlowControllers */ = {
			isa = PBXNativeTarget;
			buildConfigurationList = D9296CCC1EDB0F4900C54D89 /* Build configuration list for PBXNativeTarget "MVP-FlowControllers" */;
			buildPhases = (
				D9296CAB1EDB0F4900C54D89 /* Sources */,
				D9296CAC1EDB0F4900C54D89 /* Frameworks */,
				D9296CAD1EDB0F4900C54D89 /* Resources */,
			);
			buildRules = (
			);
			dependencies = (
			);
			name = "MVP-FlowControllers";
			productName = "MVP-FlowControllers";
			productReference = D9296CAF1EDB0F4900C54D89 /* MVP-FlowControllers.app */;
			productType = "com.apple.product-type.application";
		};
		D9296CC21EDB0F4900C54D89 /* MVP-FlowControllersTests */ = {
			isa = PBXNativeTarget;
			buildConfigurationList = D9296CCF1EDB0F4900C54D89 /* Build configuration list for PBXNativeTarget "MVP-FlowControllersTests" */;
			buildPhases = (
				D9296CBF1EDB0F4900C54D89 /* Sources */,
				D9296CC01EDB0F4900C54D89 /* Frameworks */,
				D9296CC11EDB0F4900C54D89 /* Resources */,
			);
			buildRules = (
			);
			dependencies = (
				D9296CC51EDB0F4900C54D89 /* PBXTargetDependency */,
			);
			name = "MVP-FlowControllersTests";
			productName = "MVP-FlowControllersTests";
			productReference = D9296CC31EDB0F4900C54D89 /* MVP-FlowControllersTests.xctest */;
			productType = "com.apple.product-type.bundle.unit-test";
		};
/* End PBXNativeTarget section */

/* Begin PBXProject section */
		D9296CA71EDB0F4900C54D89 /* Project object */ = {
			isa = PBXProject;
			attributes = {
				LastSwiftUpdateCheck = 0830;
				LastUpgradeCheck = 0830;
				ORGANIZATIONNAME = "Alessio Roberto";
				TargetAttributes = {
					D9296CAE1EDB0F4900C54D89 = {
						CreatedOnToolsVersion = 8.3.2;
						DevelopmentTeam = GK5S624D99;
						ProvisioningStyle = Automatic;
					};
					D9296CC21EDB0F4900C54D89 = {
						CreatedOnToolsVersion = 8.3.2;
						DevelopmentTeam = GK5S624D99;
						ProvisioningStyle = Automatic;
						TestTargetID = D9296CAE1EDB0F4900C54D89;
					};
				};
			};
			buildConfigurationList = D9296CAA1EDB0F4900C54D89 /* Build configuration list for PBXProject "MVP-FlowControllers" */;
			compatibilityVersion = "Xcode 3.2";
			developmentRegion = English;
			hasScannedForEncodings = 0;
			knownRegions = (
				en,
				Base,
			);
			mainGroup = D9296CA61EDB0F4900C54D89;
			productRefGroup = D9296CB01EDB0F4900C54D89 /* Products */;
			projectDirPath = "";
			projectRoot = "";
			targets = (
				D9296CAE1EDB0F4900C54D89 /* MVP-FlowControllers */,
				D9296CC21EDB0F4900C54D89 /* MVP-FlowControllersTests */,
			);
		};
/* End PBXProject section */

/* Begin PBXResourcesBuildPhase section */
		D9296CAD1EDB0F4900C54D89 /* Resources */ = {
			isa = PBXResourcesBuildPhase;
			buildActionMask = 2147483647;
			files = (
				D9296CBD1EDB0F4900C54D89 /* LaunchScreen.storyboard in Resources */,
				D9296CBA1EDB0F4900C54D89 /* Assets.xcassets in Resources */,
				D9296CB81EDB0F4900C54D89 /* Main.storyboard in Resources */,
			);
			runOnlyForDeploymentPostprocessing = 0;
		};
		D9296CC11EDB0F4900C54D89 /* Resources */ = {
			isa = PBXResourcesBuildPhase;
			buildActionMask = 2147483647;
			files = (
			);
			runOnlyForDeploymentPostprocessing = 0;
		};
/* End PBXResourcesBuildPhase section */

/* Begin PBXSourcesBuildPhase section */
		D9296CAB1EDB0F4900C54D89 /* Sources */ = {
			isa = PBXSourcesBuildPhase;
			buildActionMask = 2147483647;
			files = (
				D9296CB51EDB0F4900C54D89 /* ViewController.swift in Sources */,
				D9296CB31EDB0F4900C54D89 /* AppDelegate.swift in Sources */,
			);
			runOnlyForDeploymentPostprocessing = 0;
		};
		D9296CBF1EDB0F4900C54D89 /* Sources */ = {
			isa = PBXSourcesBuildPhase;
			buildActionMask = 2147483647;
			files = (
				D9296CC81EDB0F4900C54D89 /* MVP_FlowControllersTests.swift in Sources */,
			);
			runOnlyForDeploymentPostprocessing = 0;
		};
/* End PBXSourcesBuildPhase section */

/* Begin PBXTargetDependency section */
		D9296CC51EDB0F4900C54D89 /* PBXTargetDependency */ = {
			isa = PBXTargetDependency;
			target = D9296CAE1EDB0F4900C54D89 /* MVP-FlowControllers */;
			targetProxy = D9296CC41EDB0F4900C54D89 /* PBXContainerItemProxy */;
		};
/* End PBXTargetDependency section */

/* Begin PBXVariantGroup section */
		D9296CB61EDB0F4900C54D89 /* Main.storyboard */ = {
			isa = PBXVariantGroup;
			children = (
				D9296CB71EDB0F4900C54D89 /* Base */,
			);
			name = Main.storyboard;
			sourceTree = "<group>";
		};
		D9296CBB1EDB0F4900C54D89 /* LaunchScreen.storyboard */ = {
			isa = PBXVariantGroup;
			children = (
				D9296CBC1EDB0F4900C54D89 /* Base */,
			);
			name = LaunchScreen.storyboard;
			sourceTree = "<group>";
		};
/* End PBXVariantGroup section */

/* Begin XCBuildConfiguration section */
		D9296CCA1EDB0F4900C54D89 /* Debug */ = {
			isa = XCBuildConfiguration;
			buildSettings = {
				ALWAYS_SEARCH_USER_PATHS = NO;
				CLANG_ANALYZER_NONNULL = YES;
				CLANG_ANALYZER_NUMBER_OBJECT_CONVERSION = YES_AGGRESSIVE;
				CLANG_CXX_LANGUAGE_STANDARD = "gnu++0x";
				CLANG_CXX_LIBRARY = "libc++";
				CLANG_ENABLE_MODULES = YES;
				CLANG_ENABLE_OBJC_ARC = YES;
				CLANG_WARN_BOOL_CONVERSION = YES;
				CLANG_WARN_CONSTANT_CONVERSION = YES;
				CLANG_WARN_DIRECT_OBJC_ISA_USAGE = YES_ERROR;
				CLANG_WARN_DOCUMENTATION_COMMENTS = YES;
				CLANG_WARN_EMPTY_BODY = YES;
				CLANG_WARN_ENUM_CONVERSION = YES;
				CLANG_WARN_INFINITE_RECURSION = YES;
				CLANG_WARN_INT_CONVERSION = YES;
				CLANG_WARN_OBJC_ROOT_CLASS = YES_ERROR;
				CLANG_WARN_SUSPICIOUS_MOVE = YES;
				CLANG_WARN_UNREACHABLE_CODE = YES;
				CLANG_WARN__DUPLICATE_METHOD_MATCH = YES;
				"CODE_SIGN_IDENTITY[sdk=iphoneos*]" = "iPhone Developer";
				COPY_PHASE_STRIP = NO;
				DEBUG_INFORMATION_FORMAT = dwarf;
				ENABLE_STRICT_OBJC_MSGSEND = YES;
				ENABLE_TESTABILITY = YES;
				GCC_C_LANGUAGE_STANDARD = gnu99;
				GCC_DYNAMIC_NO_PIC = NO;
				GCC_NO_COMMON_BLOCKS = YES;
				GCC_OPTIMIZATION_LEVEL = 0;
				GCC_PREPROCESSOR_DEFINITIONS = (
					"DEBUG=1",
					"$(inherited)",
				);
				GCC_WARN_64_TO_32_BIT_CONVERSION = YES;
				GCC_WARN_ABOUT_RETURN_TYPE = YES_ERROR;
				GCC_WARN_UNDECLARED_SELECTOR = YES;
				GCC_WARN_UNINITIALIZED_AUTOS = YES_AGGRESSIVE;
				GCC_WARN_UNUSED_FUNCTION = YES;
				GCC_WARN_UNUSED_VARIABLE = YES;
				IPHONEOS_DEPLOYMENT_TARGET = 10.3;
				MTL_ENABLE_DEBUG_INFO = YES;
				ONLY_ACTIVE_ARCH = YES;
				SDKROOT = iphoneos;
				SWIFT_ACTIVE_COMPILATION_CONDITIONS = DEBUG;
				SWIFT_OPTIMIZATION_LEVEL = "-Onone";
			};
			name = Debug;
		};
		D9296CCB1EDB0F4900C54D89 /* Release */ = {
			isa = XCBuildConfiguration;
			buildSettings = {
				ALWAYS_SEARCH_USER_PATHS = NO;
				CLANG_ANALYZER_NONNULL = YES;
				CLANG_ANALYZER_NUMBER_OBJECT_CONVERSION = YES_AGGRESSIVE;
				CLANG_CXX_LANGUAGE_STANDARD = "gnu++0x";
				CLANG_CXX_LIBRARY = "libc++";
				CLANG_ENABLE_MODULES = YES;
				CLANG_ENABLE_OBJC_ARC = YES;
				CLANG_WARN_BOOL_CONVERSION = YES;
				CLANG_WARN_CONSTANT_CONVERSION = YES;
				CLANG_WARN_DIRECT_OBJC_ISA_USAGE = YES_ERROR;
				CLANG_WARN_DOCUMENTATION_COMMENTS = YES;
				CLANG_WARN_EMPTY_BODY = YES;
				CLANG_WARN_ENUM_CONVERSION = YES;
				CLANG_WARN_INFINITE_RECURSION = YES;
				CLANG_WARN_INT_CONVERSION = YES;
				CLANG_WARN_OBJC_ROOT_CLASS = YES_ERROR;
				CLANG_WARN_SUSPICIOUS_MOVE = YES;
				CLANG_WARN_UNREACHABLE_CODE = YES;
				CLANG_WARN__DUPLICATE_METHOD_MATCH = YES;
				"CODE_SIGN_IDENTITY[sdk=iphoneos*]" = "iPhone Developer";
				COPY_PHASE_STRIP = NO;
				DEBUG_INFORMATION_FORMAT = "dwarf-with-dsym";
				ENABLE_NS_ASSERTIONS = NO;
				ENABLE_STRICT_OBJC_MSGSEND = YES;
				GCC_C_LANGUAGE_STANDARD = gnu99;
				GCC_NO_COMMON_BLOCKS = YES;
				GCC_WARN_64_TO_32_BIT_CONVERSION = YES;
				GCC_WARN_ABOUT_RETURN_TYPE = YES_ERROR;
				GCC_WARN_UNDECLARED_SELECTOR = YES;
				GCC_WARN_UNINITIALIZED_AUTOS = YES_AGGRESSIVE;
				GCC_WARN_UNUSED_FUNCTION = YES;
				GCC_WARN_UNUSED_VARIABLE = YES;
				IPHONEOS_DEPLOYMENT_TARGET = 10.3;
				MTL_ENABLE_DEBUG_INFO = NO;
				SDKROOT = iphoneos;
				SWIFT_OPTIMIZATION_LEVEL = "-Owholemodule";
				VALIDATE_PRODUCT = YES;
			};
			name = Release;
		};
		D9296CCD1EDB0F4900C54D89 /* Debug */ = {
			isa = XCBuildConfiguration;
			buildSettings = {
				ASSETCATALOG_COMPILER_APPICON_NAME = AppIcon;
				DEVELOPMENT_TEAM = GK5S624D99;
				INFOPLIST_FILE = "MVP-FlowControllers/Info.plist";
				LD_RUNPATH_SEARCH_PATHS = "$(inherited) @executable_path/Frameworks";
				PRODUCT_BUNDLE_IDENTIFIER = "com.alessioroberto.MVP-FlowControllers";
				PRODUCT_NAME = "$(TARGET_NAME)";
				SWIFT_VERSION = 3.0;
			};
			name = Debug;
		};
		D9296CCE1EDB0F4900C54D89 /* Release */ = {
			isa = XCBuildConfiguration;
			buildSettings = {
				ASSETCATALOG_COMPILER_APPICON_NAME = AppIcon;
				DEVELOPMENT_TEAM = GK5S624D99;
				INFOPLIST_FILE = "MVP-FlowControllers/Info.plist";
				LD_RUNPATH_SEARCH_PATHS = "$(inherited) @executable_path/Frameworks";
				PRODUCT_BUNDLE_IDENTIFIER = "com.alessioroberto.MVP-FlowControllers";
				PRODUCT_NAME = "$(TARGET_NAME)";
				SWIFT_VERSION = 3.0;
			};
			name = Release;
		};
		D9296CD01EDB0F4900C54D89 /* Debug */ = {
			isa = XCBuildConfiguration;
			buildSettings = {
				ALWAYS_EMBED_SWIFT_STANDARD_LIBRARIES = YES;
				BUNDLE_LOADER = "$(TEST_HOST)";
				DEVELOPMENT_TEAM = GK5S624D99;
				INFOPLIST_FILE = "MVP-FlowControllersTests/Info.plist";
				LD_RUNPATH_SEARCH_PATHS = "$(inherited) @executable_path/Frameworks @loader_path/Frameworks";
				PRODUCT_BUNDLE_IDENTIFIER = "com.alessioroberto.MVP-FlowControllersTests";
				PRODUCT_NAME = "$(TARGET_NAME)";
				SWIFT_VERSION = 3.0;
				TEST_HOST = "$(BUILT_PRODUCTS_DIR)/MVP-FlowControllers.app/MVP-FlowControllers";
			};
			name = Debug;
		};
		D9296CD11EDB0F4900C54D89 /* Release */ = {
			isa = XCBuildConfiguration;
			buildSettings = {
				ALWAYS_EMBED_SWIFT_STANDARD_LIBRARIES = YES;
				BUNDLE_LOADER = "$(TEST_HOST)";
				DEVELOPMENT_TEAM = GK5S624D99;
				INFOPLIST_FILE = "MVP-FlowControllersTests/Info.plist";
				LD_RUNPATH_SEARCH_PATHS = "$(inherited) @executable_path/Frameworks @loader_path/Frameworks";
				PRODUCT_BUNDLE_IDENTIFIER = "com.alessioroberto.MVP-FlowControllersTests";
				PRODUCT_NAME = "$(TARGET_NAME)";
				SWIFT_VERSION = 3.0;
				TEST_HOST = "$(BUILT_PRODUCTS_DIR)/MVP-FlowControllers.app/MVP-FlowControllers";
			};
			name = Release;
		};
/* End XCBuildConfiguration section */

/* Begin XCConfigurationList section */
		D9296CAA1EDB0F4900C54D89 /* Build configuration list for PBXProject "MVP-FlowControllers" */ = {
			isa = XCConfigurationList;
			buildConfigurations = (
				D9296CCA1EDB0F4900C54D89 /* Debug */,
				D9296CCB1EDB0F4900C54D89 /* Release */,
			);
			defaultConfigurationIsVisible = 0;
			defaultConfigurationName = Release;
		};
		D9296CCC1EDB0F4900C54D89 /* Build configuration list for PBXNativeTarget "MVP-FlowControllers" */ = {
			isa = XCConfigurationList;
			buildConfigurations = (
				D9296CCD1EDB0F4900C54D89 /* Debug */,
				D9296CCE1EDB0F4900C54D89 /* Release */,
			);
			defaultConfigurationIsVisible = 0;
		};
		D9296CCF1EDB0F4900C54D89 /* Build configuration list for PBXNativeTarget "MVP-FlowControllersTests" */ = {
			isa = XCConfigurationList;
			buildConfigurations = (
				D9296CD01EDB0F4900C54D89 /* Debug */,
				D9296CD11EDB0F4900C54D89 /* Release */,
			);
			defaultConfigurationIsVisible = 0;
		};
/* End XCConfigurationList section */
	};
	rootObject = D9296CA71EDB0F4900C54D89 /* Project object */;
}
