// !$*UTF8*$!
{
	archiveVersion = 1;
	classes = {
	};
	objectVersion = 46;
	objects = {

/* Begin PBXBuildFile section */
		A20621CAD2940C6776CA753C /* Pods_MVP_FlowControllersTests.framework in Frameworks */ = {isa = PBXBuildFile; fileRef = 9F011BEFC6B2838F331D2155 /* Pods_MVP_FlowControllersTests.framework */; };
		A23BE516184DDE3A002D41FA /* Pods_MVP_FlowControllers.framework in Frameworks */ = {isa = PBXBuildFile; fileRef = 827731D790724C6D2145477C /* Pods_MVP_FlowControllers.framework */; };
		D9296CB31EDB0F4900C54D89 /* AppDelegate.swift in Sources */ = {isa = PBXBuildFile; fileRef = D9296CB21EDB0F4900C54D89 /* AppDelegate.swift */; };
		D9296CB51EDB0F4900C54D89 /* DashboardViewController.swift in Sources */ = {isa = PBXBuildFile; fileRef = D9296CB41EDB0F4900C54D89 /* DashboardViewController.swift */; };
		D9296CB81EDB0F4900C54D89 /* Main.storyboard in Resources */ = {isa = PBXBuildFile; fileRef = D9296CB61EDB0F4900C54D89 /* Main.storyboard */; };
		D9296CBA1EDB0F4900C54D89 /* Assets.xcassets in Resources */ = {isa = PBXBuildFile; fileRef = D9296CB91EDB0F4900C54D89 /* Assets.xcassets */; };
		D9296CBD1EDB0F4900C54D89 /* LaunchScreen.storyboard in Resources */ = {isa = PBXBuildFile; fileRef = D9296CBB1EDB0F4900C54D89 /* LaunchScreen.storyboard */; };
		D9296CC81EDB0F4900C54D89 /* MVP_FlowControllersTests.swift in Sources */ = {isa = PBXBuildFile; fileRef = D9296CC71EDB0F4900C54D89 /* MVP_FlowControllersTests.swift */; };
		D9296CD61EDB108D00C54D89 /* FlowController.swift in Sources */ = {isa = PBXBuildFile; fileRef = D9296CD51EDB108D00C54D89 /* FlowController.swift */; };
		D9296CD81EDB10C200C54D89 /* MainFlowController.swift in Sources */ = {isa = PBXBuildFile; fileRef = D9296CD71EDB10C200C54D89 /* MainFlowController.swift */; };
		D9296CDA1EDB117300C54D89 /* DashboardPresenter.swift in Sources */ = {isa = PBXBuildFile; fileRef = D9296CD91EDB117300C54D89 /* DashboardPresenter.swift */; };
		D9296CDC1EDB122100C54D89 /* DashboardFlowController.swift in Sources */ = {isa = PBXBuildFile; fileRef = D9296CDB1EDB122100C54D89 /* DashboardFlowController.swift */; };
		D9296CDF1EDB143F00C54D89 /* R.generated.swift in Sources */ = {isa = PBXBuildFile; fileRef = D9296CDE1EDB143F00C54D89 /* R.generated.swift */; };
		D9296CE11EDB5A5C00C54D89 /* SecondViewController.swift in Sources */ = {isa = PBXBuildFile; fileRef = D9296CE01EDB5A5C00C54D89 /* SecondViewController.swift */; };
		D932079B1EE495C600930D55 /* SecondPresentable.swift in Sources */ = {isa = PBXBuildFile; fileRef = D932079A1EE495C600930D55 /* SecondPresentable.swift */; };
		D932079D1EE49A3F00930D55 /* FlowInizializer.swift in Sources */ = {isa = PBXBuildFile; fileRef = D932079C1EE49A3F00930D55 /* FlowInizializer.swift */; };
		D97C6DFE1F7AF31800074AF1 /* Extensions.swift in Sources */ = {isa = PBXBuildFile; fileRef = D97C6DFD1F7AF31800074AF1 /* Extensions.swift */; };
		D9BAA7FB1F75B93500EDF24F /* DataManager.swift in Sources */ = {isa = PBXBuildFile; fileRef = D9BAA7FA1F75B93500EDF24F /* DataManager.swift */; };
		D9EA89171F784BE00045F1CF /* SecretViewController.swift in Sources */ = {isa = PBXBuildFile; fileRef = D9EA89161F784BE00045F1CF /* SecretViewController.swift */; };
		D9EA89191F784BF10045F1CF /* Protocols.swift in Sources */ = {isa = PBXBuildFile; fileRef = D9EA89181F784BF10045F1CF /* Protocols.swift */; };
		D9EA891B1F784C5E0045F1CF /* SecretPresenter.swift in Sources */ = {isa = PBXBuildFile; fileRef = D9EA891A1F784C5E0045F1CF /* SecretPresenter.swift */; };
/* End PBXBuildFile section */

/* Begin PBXContainerItemProxy section */
		D9296CC41EDB0F4900C54D89 /* PBXContainerItemProxy */ = {
			isa = PBXContainerItemProxy;
			containerPortal = D9296CA71EDB0F4900C54D89 /* Project object */;
			proxyType = 1;
			remoteGlobalIDString = D9296CAE1EDB0F4900C54D89;
			remoteInfo = "MVP-FlowControllers";
		};
/* End PBXContainerItemProxy section */

/* Begin PBXFileReference section */
		421BD8C34FCD7F91B562EC7E /* Pods-MVP-FlowControllers.release.xcconfig */ = {isa = PBXFileReference; includeInIndex = 1; lastKnownFileType = text.xcconfig; name = "Pods-MVP-FlowControllers.release.xcconfig"; path = "Pods/Target Support Files/Pods-MVP-FlowControllers/Pods-MVP-FlowControllers.release.xcconfig"; sourceTree = "<group>"; };
		5FFB0003290B253B2341CB24 /* Pods-MVP-FlowControllersTests.release.xcconfig */ = {isa = PBXFileReference; includeInIndex = 1; lastKnownFileType = text.xcconfig; name = "Pods-MVP-FlowControllersTests.release.xcconfig"; path = "Pods/Target Support Files/Pods-MVP-FlowControllersTests/Pods-MVP-FlowControllersTests.release.xcconfig"; sourceTree = "<group>"; };
		827731D790724C6D2145477C /* Pods_MVP_FlowControllers.framework */ = {isa = PBXFileReference; explicitFileType = wrapper.framework; includeInIndex = 0; path = Pods_MVP_FlowControllers.framework; sourceTree = BUILT_PRODUCTS_DIR; };
		9F011BEFC6B2838F331D2155 /* Pods_MVP_FlowControllersTests.framework */ = {isa = PBXFileReference; explicitFileType = wrapper.framework; includeInIndex = 0; path = Pods_MVP_FlowControllersTests.framework; sourceTree = BUILT_PRODUCTS_DIR; };
		A72155E5C4CCDBD05B453558 /* Pods-MVP-FlowControllers.debug.xcconfig */ = {isa = PBXFileReference; includeInIndex = 1; lastKnownFileType = text.xcconfig; name = "Pods-MVP-FlowControllers.debug.xcconfig"; path = "Pods/Target Support Files/Pods-MVP-FlowControllers/Pods-MVP-FlowControllers.debug.xcconfig"; sourceTree = "<group>"; };
		D9296CAF1EDB0F4900C54D89 /* MVP-FlowControllers.app */ = {isa = PBXFileReference; explicitFileType = wrapper.application; includeInIndex = 0; path = "MVP-FlowControllers.app"; sourceTree = BUILT_PRODUCTS_DIR; };
		D9296CB21EDB0F4900C54D89 /* AppDelegate.swift */ = {isa = PBXFileReference; lastKnownFileType = sourcecode.swift; path = AppDelegate.swift; sourceTree = "<group>"; };
		D9296CB41EDB0F4900C54D89 /* DashboardViewController.swift */ = {isa = PBXFileReference; lastKnownFileType = sourcecode.swift; path = DashboardViewController.swift; sourceTree = "<group>"; };
		D9296CB71EDB0F4900C54D89 /* Base */ = {isa = PBXFileReference; lastKnownFileType = file.storyboard; name = Base; path = Base.lproj/Main.storyboard; sourceTree = "<group>"; };
		D9296CB91EDB0F4900C54D89 /* Assets.xcassets */ = {isa = PBXFileReference; lastKnownFileType = folder.assetcatalog; name = Assets.xcassets; path = "MVP-FlowControllers/Assets.xcassets"; sourceTree = "<group>"; };
		D9296CBC1EDB0F4900C54D89 /* Base */ = {isa = PBXFileReference; lastKnownFileType = file.storyboard; name = Base; path = Base.lproj/LaunchScreen.storyboard; sourceTree = "<group>"; };
		D9296CBE1EDB0F4900C54D89 /* Info.plist */ = {isa = PBXFileReference; lastKnownFileType = text.plist.xml; name = Info.plist; path = "MVP-FlowControllers/Info.plist"; sourceTree = "<group>"; };
		D9296CC31EDB0F4900C54D89 /* MVP-FlowControllersTests.xctest */ = {isa = PBXFileReference; explicitFileType = wrapper.cfbundle; includeInIndex = 0; path = "MVP-FlowControllersTests.xctest"; sourceTree = BUILT_PRODUCTS_DIR; };
		D9296CC71EDB0F4900C54D89 /* MVP_FlowControllersTests.swift */ = {isa = PBXFileReference; lastKnownFileType = sourcecode.swift; path = MVP_FlowControllersTests.swift; sourceTree = "<group>"; };
		D9296CC91EDB0F4900C54D89 /* Info.plist */ = {isa = PBXFileReference; lastKnownFileType = text.plist.xml; path = Info.plist; sourceTree = "<group>"; };
		D9296CD51EDB108D00C54D89 /* FlowController.swift */ = {isa = PBXFileReference; fileEncoding = 4; lastKnownFileType = sourcecode.swift; path = FlowController.swift; sourceTree = "<group>"; };
		D9296CD71EDB10C200C54D89 /* MainFlowController.swift */ = {isa = PBXFileReference; fileEncoding = 4; lastKnownFileType = sourcecode.swift; path = MainFlowController.swift; sourceTree = "<group>"; };
		D9296CD91EDB117300C54D89 /* DashboardPresenter.swift */ = {isa = PBXFileReference; fileEncoding = 4; lastKnownFileType = sourcecode.swift; path = DashboardPresenter.swift; sourceTree = "<group>"; };
		D9296CDB1EDB122100C54D89 /* DashboardFlowController.swift */ = {isa = PBXFileReference; fileEncoding = 4; lastKnownFileType = sourcecode.swift; path = DashboardFlowController.swift; sourceTree = "<group>"; };
		D9296CDE1EDB143F00C54D89 /* R.generated.swift */ = {isa = PBXFileReference; fileEncoding = 4; lastKnownFileType = sourcecode.swift; path = R.generated.swift; sourceTree = SOURCE_ROOT; };
		D9296CE01EDB5A5C00C54D89 /* SecondViewController.swift */ = {isa = PBXFileReference; fileEncoding = 4; lastKnownFileType = sourcecode.swift; path = SecondViewController.swift; sourceTree = "<group>"; };
		D932079A1EE495C600930D55 /* SecondPresentable.swift */ = {isa = PBXFileReference; fileEncoding = 4; lastKnownFileType = sourcecode.swift; path = SecondPresentable.swift; sourceTree = "<group>"; };
		D932079C1EE49A3F00930D55 /* FlowInizializer.swift */ = {isa = PBXFileReference; fileEncoding = 4; lastKnownFileType = sourcecode.swift; path = FlowInizializer.swift; sourceTree = "<group>"; };
		D97C6DFD1F7AF31800074AF1 /* Extensions.swift */ = {isa = PBXFileReference; lastKnownFileType = sourcecode.swift; path = Extensions.swift; sourceTree = "<group>"; };
		D9BAA7FA1F75B93500EDF24F /* DataManager.swift */ = {isa = PBXFileReference; lastKnownFileType = sourcecode.swift; path = DataManager.swift; sourceTree = "<group>"; };
		D9EA89161F784BE00045F1CF /* SecretViewController.swift */ = {isa = PBXFileReference; lastKnownFileType = sourcecode.swift; path = SecretViewController.swift; sourceTree = "<group>"; };
		D9EA89181F784BF10045F1CF /* Protocols.swift */ = {isa = PBXFileReference; lastKnownFileType = sourcecode.swift; path = Protocols.swift; sourceTree = "<group>"; };
		D9EA891A1F784C5E0045F1CF /* SecretPresenter.swift */ = {isa = PBXFileReference; lastKnownFileType = sourcecode.swift; path = SecretPresenter.swift; sourceTree = "<group>"; };
		EC38112BF3675775D2643FE8 /* Pods-MVP-FlowControllersTests.debug.xcconfig */ = {isa = PBXFileReference; includeInIndex = 1; lastKnownFileType = text.xcconfig; name = "Pods-MVP-FlowControllersTests.debug.xcconfig"; path = "Pods/Target Support Files/Pods-MVP-FlowControllersTests/Pods-MVP-FlowControllersTests.debug.xcconfig"; sourceTree = "<group>"; };
/* End PBXFileReference section */

/* Begin PBXFrameworksBuildPhase section */
		D9296CAC1EDB0F4900C54D89 /* Frameworks */ = {
			isa = PBXFrameworksBuildPhase;
			buildActionMask = 2147483647;
			files = (
				A23BE516184DDE3A002D41FA /* Pods_MVP_FlowControllers.framework in Frameworks */,
			);
			runOnlyForDeploymentPostprocessing = 0;
		};
		D9296CC01EDB0F4900C54D89 /* Frameworks */ = {
			isa = PBXFrameworksBuildPhase;
			buildActionMask = 2147483647;
			files = (
				A20621CAD2940C6776CA753C /* Pods_MVP_FlowControllersTests.framework in Frameworks */,
			);
			runOnlyForDeploymentPostprocessing = 0;
		};
/* End PBXFrameworksBuildPhase section */

/* Begin PBXGroup section */
		2208A4C66A16D35528A53125 /* Pods */ = {
			isa = PBXGroup;
			children = (
				A72155E5C4CCDBD05B453558 /* Pods-MVP-FlowControllers.debug.xcconfig */,
				421BD8C34FCD7F91B562EC7E /* Pods-MVP-FlowControllers.release.xcconfig */,
				EC38112BF3675775D2643FE8 /* Pods-MVP-FlowControllersTests.debug.xcconfig */,
				5FFB0003290B253B2341CB24 /* Pods-MVP-FlowControllersTests.release.xcconfig */,
			);
			name = Pods;
			sourceTree = "<group>";
		};
		C2960456548D61149E7B4BF5 /* Frameworks */ = {
			isa = PBXGroup;
			children = (
				827731D790724C6D2145477C /* Pods_MVP_FlowControllers.framework */,
				9F011BEFC6B2838F331D2155 /* Pods_MVP_FlowControllersTests.framework */,
			);
			name = Frameworks;
			sourceTree = "<group>";
		};
		D9296CA61EDB0F4900C54D89 = {
			isa = PBXGroup;
			children = (
				D9296CB11EDB0F4900C54D89 /* MVP-FlowControllers */,
				D932079E1EE4A1F300930D55 /* Support Files */,
				D9296CC61EDB0F4900C54D89 /* MVP-FlowControllersTests */,
				D9296CB01EDB0F4900C54D89 /* Products */,
				2208A4C66A16D35528A53125 /* Pods */,
				C2960456548D61149E7B4BF5 /* Frameworks */,
			);
			sourceTree = "<group>";
		};
		D9296CB01EDB0F4900C54D89 /* Products */ = {
			isa = PBXGroup;
			children = (
				D9296CAF1EDB0F4900C54D89 /* MVP-FlowControllers.app */,
				D9296CC31EDB0F4900C54D89 /* MVP-FlowControllersTests.xctest */,
			);
			name = Products;
			sourceTree = "<group>";
		};
		D9296CB11EDB0F4900C54D89 /* MVP-FlowControllers */ = {
			isa = PBXGroup;
			children = (
				D9296CB21EDB0F4900C54D89 /* AppDelegate.swift */,
				D9EA89181F784BF10045F1CF /* Protocols.swift */,
				D9BAA7F91F75B92200EDF24F /* DataManager */,
				D9296CD21EDB0FFF00C54D89 /* FlowControllers */,
				D9296CD31EDB100800C54D89 /* Scenes */,
				D97C6DFD1F7AF31800074AF1 /* Extensions.swift */,
			);
			path = "MVP-FlowControllers";
			sourceTree = "<group>";
		};
		D9296CC61EDB0F4900C54D89 /* MVP-FlowControllersTests */ = {
			isa = PBXGroup;
			children = (
				D9296CC71EDB0F4900C54D89 /* MVP_FlowControllersTests.swift */,
				D9296CC91EDB0F4900C54D89 /* Info.plist */,
			);
			path = "MVP-FlowControllersTests";
			sourceTree = "<group>";
		};
		D9296CD21EDB0FFF00C54D89 /* FlowControllers */ = {
			isa = PBXGroup;
			children = (
				D9296CDB1EDB122100C54D89 /* DashboardFlowController.swift */,
				D9296CD51EDB108D00C54D89 /* FlowController.swift */,
				D932079C1EE49A3F00930D55 /* FlowInizializer.swift */,
				D9296CD71EDB10C200C54D89 /* MainFlowController.swift */,
			);
			name = FlowControllers;
			sourceTree = "<group>";
		};
		D9296CD31EDB100800C54D89 /* Scenes */ = {
			isa = PBXGroup;
			children = (
				D9296CD41EDB101000C54D89 /* Dashboard */,
			);
			name = Scenes;
			sourceTree = "<group>";
		};
		D9296CD41EDB101000C54D89 /* Dashboard */ = {
			isa = PBXGroup;
			children = (
				D9296CD91EDB117300C54D89 /* DashboardPresenter.swift */,
				D9296CB41EDB0F4900C54D89 /* DashboardViewController.swift */,
				D932079A1EE495C600930D55 /* SecondPresentable.swift */,
				D9296CE01EDB5A5C00C54D89 /* SecondViewController.swift */,
				D9EA891A1F784C5E0045F1CF /* SecretPresenter.swift */,
				D9EA89161F784BE00045F1CF /* SecretViewController.swift */,
			);
			name = Dashboard;
			sourceTree = "<group>";
		};
		D932079E1EE4A1F300930D55 /* Support Files */ = {
			isa = PBXGroup;
			children = (
				D9296CBE1EDB0F4900C54D89 /* Info.plist */,
				D9296CDE1EDB143F00C54D89 /* R.generated.swift */,
				D9296CB91EDB0F4900C54D89 /* Assets.xcassets */,
				D9296CBB1EDB0F4900C54D89 /* LaunchScreen.storyboard */,
				D9296CB61EDB0F4900C54D89 /* Main.storyboard */,
			);
			name = "Support Files";
			sourceTree = "<group>";
		};
		D9BAA7F91F75B92200EDF24F /* DataManager */ = {
			isa = PBXGroup;
			children = (
				D9BAA7FA1F75B93500EDF24F /* DataManager.swift */,
			);
			path = DataManager;
			sourceTree = "<group>";
		};
/* End PBXGroup section */

/* Begin PBXNativeTarget section */
		D9296CAE1EDB0F4900C54D89 /* MVP-FlowControllers */ = {
			isa = PBXNativeTarget;
			buildConfigurationList = D9296CCC1EDB0F4900C54D89 /* Build configuration list for PBXNativeTarget "MVP-FlowControllers" */;
			buildPhases = (
				8C6252078134F39EADE1259D /* [CP] Check Pods Manifest.lock */,
				D9296CDD1EDB12F800C54D89 /* Run R.Swift Script */,
				D9296CAB1EDB0F4900C54D89 /* Sources */,
				D9296CAC1EDB0F4900C54D89 /* Frameworks */,
				D9296CAD1EDB0F4900C54D89 /* Resources */,
				BAB1EC51A15A01D3D7844C0D /* [CP] Embed Pods Frameworks */,
				0A0942C77459A896A5301CCC /* [CP] Copy Pods Resources */,
				D9BAA7F81F75B75200EDF24F /* ShellScript */,
			);
			buildRules = (
			);
			dependencies = (
			);
			name = "MVP-FlowControllers";
			productName = "MVP-FlowControllers";
			productReference = D9296CAF1EDB0F4900C54D89 /* MVP-FlowControllers.app */;
			productType = "com.apple.product-type.application";
		};
		D9296CC21EDB0F4900C54D89 /* MVP-FlowControllersTests */ = {
			isa = PBXNativeTarget;
			buildConfigurationList = D9296CCF1EDB0F4900C54D89 /* Build configuration list for PBXNativeTarget "MVP-FlowControllersTests" */;
			buildPhases = (
				5887EA702928DF33E476AE42 /* [CP] Check Pods Manifest.lock */,
				D9296CBF1EDB0F4900C54D89 /* Sources */,
				D9296CC01EDB0F4900C54D89 /* Frameworks */,
				D9296CC11EDB0F4900C54D89 /* Resources */,
				FF5F01EC44715090427C56C1 /* [CP] Embed Pods Frameworks */,
				3927FCCD0F004A1EA5556C89 /* [CP] Copy Pods Resources */,
			);
			buildRules = (
			);
			dependencies = (
				D9296CC51EDB0F4900C54D89 /* PBXTargetDependency */,
			);
			name = "MVP-FlowControllersTests";
			productName = "MVP-FlowControllersTests";
			productReference = D9296CC31EDB0F4900C54D89 /* MVP-FlowControllersTests.xctest */;
			productType = "com.apple.product-type.bundle.unit-test";
		};
/* End PBXNativeTarget section */

/* Begin PBXProject section */
		D9296CA71EDB0F4900C54D89 /* Project object */ = {
			isa = PBXProject;
			attributes = {
				LastSwiftUpdateCheck = 0830;
				LastUpgradeCheck = 0900;
				ORGANIZATIONNAME = "Alessio Roberto";
				TargetAttributes = {
					D9296CAE1EDB0F4900C54D89 = {
						CreatedOnToolsVersion = 8.3.2;
						DevelopmentTeam = GK5S624D99;
						LastSwiftMigration = 0900;
						ProvisioningStyle = Automatic;
					};
					D9296CC21EDB0F4900C54D89 = {
						CreatedOnToolsVersion = 8.3.2;
						DevelopmentTeam = GK5S624D99;
						LastSwiftMigration = 0900;
						ProvisioningStyle = Automatic;
						TestTargetID = D9296CAE1EDB0F4900C54D89;
					};
				};
			};
			buildConfigurationList = D9296CAA1EDB0F4900C54D89 /* Build configuration list for PBXProject "MVP-FlowControllers" */;
			compatibilityVersion = "Xcode 3.2";
			developmentRegion = English;
			hasScannedForEncodings = 0;
			knownRegions = (
				en,
				Base,
			);
			mainGroup = D9296CA61EDB0F4900C54D89;
			productRefGroup = D9296CB01EDB0F4900C54D89 /* Products */;
			projectDirPath = "";
			projectRoot = "";
			targets = (
				D9296CAE1EDB0F4900C54D89 /* MVP-FlowControllers */,
				D9296CC21EDB0F4900C54D89 /* MVP-FlowControllersTests */,
			);
		};
/* End PBXProject section */

/* Begin PBXResourcesBuildPhase section */
		D9296CAD1EDB0F4900C54D89 /* Resources */ = {
			isa = PBXResourcesBuildPhase;
			buildActionMask = 2147483647;
			files = (
				D9296CBD1EDB0F4900C54D89 /* LaunchScreen.storyboard in Resources */,
				D9296CBA1EDB0F4900C54D89 /* Assets.xcassets in Resources */,
				D9296CB81EDB0F4900C54D89 /* Main.storyboard in Resources */,
			);
			runOnlyForDeploymentPostprocessing = 0;
		};
		D9296CC11EDB0F4900C54D89 /* Resources */ = {
			isa = PBXResourcesBuildPhase;
			buildActionMask = 2147483647;
			files = (
			);
			runOnlyForDeploymentPostprocessing = 0;
		};
/* End PBXResourcesBuildPhase section */

/* Begin PBXShellScriptBuildPhase section */
		0A0942C77459A896A5301CCC /* [CP] Copy Pods Resources */ = {
			isa = PBXShellScriptBuildPhase;
			buildActionMask = 2147483647;
			files = (
			);
			inputPaths = (
			);
			name = "[CP] Copy Pods Resources";
			outputPaths = (
			);
			runOnlyForDeploymentPostprocessing = 0;
			shellPath = /bin/sh;
			shellScript = "\"${SRCROOT}/Pods/Target Support Files/Pods-MVP-FlowControllers/Pods-MVP-FlowControllers-resources.sh\"\n";
			showEnvVarsInLog = 0;
		};
		3927FCCD0F004A1EA5556C89 /* [CP] Copy Pods Resources */ = {
			isa = PBXShellScriptBuildPhase;
			buildActionMask = 2147483647;
			files = (
			);
			inputPaths = (
			);
			name = "[CP] Copy Pods Resources";
			outputPaths = (
			);
			runOnlyForDeploymentPostprocessing = 0;
			shellPath = /bin/sh;
			shellScript = "\"${SRCROOT}/Pods/Target Support Files/Pods-MVP-FlowControllersTests/Pods-MVP-FlowControllersTests-resources.sh\"\n";
			showEnvVarsInLog = 0;
		};
		5887EA702928DF33E476AE42 /* [CP] Check Pods Manifest.lock */ = {
			isa = PBXShellScriptBuildPhase;
			buildActionMask = 2147483647;
			files = (
			);
			inputPaths = (
				"${PODS_PODFILE_DIR_PATH}/Podfile.lock",
				"${PODS_ROOT}/Manifest.lock",
			);
			name = "[CP] Check Pods Manifest.lock";
			outputPaths = (
				"$(DERIVED_FILE_DIR)/Pods-MVP-FlowControllersTests-checkManifestLockResult.txt",
			);
			runOnlyForDeploymentPostprocessing = 0;
			shellPath = /bin/sh;
			shellScript = "diff \"${PODS_PODFILE_DIR_PATH}/Podfile.lock\" \"${PODS_ROOT}/Manifest.lock\" > /dev/null\nif [ $? != 0 ] ; then\n    # print error to STDERR\n    echo \"error: The sandbox is not in sync with the Podfile.lock. Run 'pod install' or update your CocoaPods installation.\" >&2\n    exit 1\nfi\n# This output is used by Xcode 'outputs' to avoid re-running this script phase.\necho \"SUCCESS\" > \"${SCRIPT_OUTPUT_FILE_0}\"\n";
			showEnvVarsInLog = 0;
		};
		8C6252078134F39EADE1259D /* [CP] Check Pods Manifest.lock */ = {
			isa = PBXShellScriptBuildPhase;
			buildActionMask = 2147483647;
			files = (
			);
			inputPaths = (
				"${PODS_PODFILE_DIR_PATH}/Podfile.lock",
				"${PODS_ROOT}/Manifest.lock",
			);
			name = "[CP] Check Pods Manifest.lock";
			outputPaths = (
				"$(DERIVED_FILE_DIR)/Pods-MVP-FlowControllers-checkManifestLockResult.txt",
			);
			runOnlyForDeploymentPostprocessing = 0;
			shellPath = /bin/sh;
			shellScript = "diff \"${PODS_PODFILE_DIR_PATH}/Podfile.lock\" \"${PODS_ROOT}/Manifest.lock\" > /dev/null\nif [ $? != 0 ] ; then\n    # print error to STDERR\n    echo \"error: The sandbox is not in sync with the Podfile.lock. Run 'pod install' or update your CocoaPods installation.\" >&2\n    exit 1\nfi\n# This output is used by Xcode 'outputs' to avoid re-running this script phase.\necho \"SUCCESS\" > \"${SCRIPT_OUTPUT_FILE_0}\"\n";
			showEnvVarsInLog = 0;
		};
		BAB1EC51A15A01D3D7844C0D /* [CP] Embed Pods Frameworks */ = {
			isa = PBXShellScriptBuildPhase;
			buildActionMask = 2147483647;
			files = (
			);
			inputPaths = (
				"${SRCROOT}/Pods/Target Support Files/Pods-MVP-FlowControllers/Pods-MVP-FlowControllers-frameworks.sh",
				"${BUILT_PRODUCTS_DIR}/R.swift.Library/Rswift.framework",
			);
			name = "[CP] Embed Pods Frameworks";
			outputPaths = (
				"${TARGET_BUILD_DIR}/${FRAMEWORKS_FOLDER_PATH}/Rswift.framework",
			);
			runOnlyForDeploymentPostprocessing = 0;
			shellPath = /bin/sh;
			shellScript = "\"${SRCROOT}/Pods/Target Support Files/Pods-MVP-FlowControllers/Pods-MVP-FlowControllers-frameworks.sh\"\n";
			showEnvVarsInLog = 0;
		};
		D9296CDD1EDB12F800C54D89 /* Run R.Swift Script */ = {
			isa = PBXShellScriptBuildPhase;
			buildActionMask = 2147483647;
			files = (
			);
			inputPaths = (
			);
			name = "Run R.Swift Script";
			outputPaths = (
			);
			runOnlyForDeploymentPostprocessing = 0;
			shellPath = /bin/sh;
			shellScript = "\"$PODS_ROOT/R.swift/rswift\" \"$SRCROOT\"";
		};
		D9BAA7F81F75B75200EDF24F /* ShellScript */ = {
			isa = PBXShellScriptBuildPhase;
			buildActionMask = 2147483647;
			files = (
			);
			inputPaths = (
			);
			outputPaths = (
			);
			runOnlyForDeploymentPostprocessing = 0;
			shellPath = /bin/sh;
			shellScript = "if which swiftlint >/dev/null; then\nswiftlint\nelse\necho \"warning: SwiftLint not installed, download from https://github.com/realm/SwiftLint\"\nfi";
		};
		FF5F01EC44715090427C56C1 /* [CP] Embed Pods Frameworks */ = {
			isa = PBXShellScriptBuildPhase;
			buildActionMask = 2147483647;
			files = (
			);
			inputPaths = (
			);
			name = "[CP] Embed Pods Frameworks";
			outputPaths = (
			);
			runOnlyForDeploymentPostprocessing = 0;
			shellPath = /bin/sh;
			shellScript = "\"${SRCROOT}/Pods/Target Support Files/Pods-MVP-FlowControllersTests/Pods-MVP-FlowControllersTests-frameworks.sh\"\n";
			showEnvVarsInLog = 0;
		};
/* End PBXShellScriptBuildPhase section */

/* Begin PBXSourcesBuildPhase section */
		D9296CAB1EDB0F4900C54D89 /* Sources */ = {
			isa = PBXSourcesBuildPhase;
			buildActionMask = 2147483647;
			files = (
				D9296CE11EDB5A5C00C54D89 /* SecondViewController.swift in Sources */,
				D9296CD81EDB10C200C54D89 /* MainFlowController.swift in Sources */,
				D9EA89171F784BE00045F1CF /* SecretViewController.swift in Sources */,
				D932079D1EE49A3F00930D55 /* FlowInizializer.swift in Sources */,
				D9296CDF1EDB143F00C54D89 /* R.generated.swift in Sources */,
				D9296CDA1EDB117300C54D89 /* DashboardPresenter.swift in Sources */,
				D9296CDC1EDB122100C54D89 /* DashboardFlowController.swift in Sources */,
				D9296CB51EDB0F4900C54D89 /* DashboardViewController.swift in Sources */,
				D9EA891B1F784C5E0045F1CF /* SecretPresenter.swift in Sources */,
				D9296CB31EDB0F4900C54D89 /* AppDelegate.swift in Sources */,
				D97C6DFE1F7AF31800074AF1 /* Extensions.swift in Sources */,
				D9EA89191F784BF10045F1CF /* Protocols.swift in Sources */,
				D9BAA7FB1F75B93500EDF24F /* DataManager.swift in Sources */,
				D9296CD61EDB108D00C54D89 /* FlowController.swift in Sources */,
				D932079B1EE495C600930D55 /* SecondPresentable.swift in Sources */,
			);
			runOnlyForDeploymentPostprocessing = 0;
		};
		D9296CBF1EDB0F4900C54D89 /* Sources */ = {
			isa = PBXSourcesBuildPhase;
			buildActionMask = 2147483647;
			files = (
				D9296CC81EDB0F4900C54D89 /* MVP_FlowControllersTests.swift in Sources */,
			);
			runOnlyForDeploymentPostprocessing = 0;
		};
/* End PBXSourcesBuildPhase section */

/* Begin PBXTargetDependency section */
		D9296CC51EDB0F4900C54D89 /* PBXTargetDependency */ = {
			isa = PBXTargetDependency;
			target = D9296CAE1EDB0F4900C54D89 /* MVP-FlowControllers */;
			targetProxy = D9296CC41EDB0F4900C54D89 /* PBXContainerItemProxy */;
		};
/* End PBXTargetDependency section */

/* Begin PBXVariantGroup section */
		D9296CB61EDB0F4900C54D89 /* Main.storyboard */ = {
			isa = PBXVariantGroup;
			children = (
				D9296CB71EDB0F4900C54D89 /* Base */,
			);
			name = Main.storyboard;
			path = "MVP-FlowControllers";
			sourceTree = "<group>";
		};
		D9296CBB1EDB0F4900C54D89 /* LaunchScreen.storyboard */ = {
			isa = PBXVariantGroup;
			children = (
				D9296CBC1EDB0F4900C54D89 /* Base */,
			);
			name = LaunchScreen.storyboard;
			path = "MVP-FlowControllers";
			sourceTree = "<group>";
		};
/* End PBXVariantGroup section */

/* Begin XCBuildConfiguration section */
		D9296CCA1EDB0F4900C54D89 /* Debug */ = {
			isa = XCBuildConfiguration;
			buildSettings = {
				ALWAYS_SEARCH_USER_PATHS = NO;
				CLANG_ANALYZER_NONNULL = YES;
				CLANG_ANALYZER_NUMBER_OBJECT_CONVERSION = YES_AGGRESSIVE;
				CLANG_CXX_LANGUAGE_STANDARD = "gnu++0x";
				CLANG_CXX_LIBRARY = "libc++";
				CLANG_ENABLE_MODULES = YES;
				CLANG_ENABLE_OBJC_ARC = YES;
				CLANG_WARN_BLOCK_CAPTURE_AUTORELEASING = YES;
				CLANG_WARN_BOOL_CONVERSION = YES;
				CLANG_WARN_COMMA = YES;
				CLANG_WARN_CONSTANT_CONVERSION = YES;
				CLANG_WARN_DIRECT_OBJC_ISA_USAGE = YES_ERROR;
				CLANG_WARN_DOCUMENTATION_COMMENTS = YES;
				CLANG_WARN_EMPTY_BODY = YES;
				CLANG_WARN_ENUM_CONVERSION = YES;
				CLANG_WARN_INFINITE_RECURSION = YES;
				CLANG_WARN_INT_CONVERSION = YES;
				CLANG_WARN_NON_LITERAL_NULL_CONVERSION = YES;
				CLANG_WARN_OBJC_LITERAL_CONVERSION = YES;
				CLANG_WARN_OBJC_ROOT_CLASS = YES_ERROR;
				CLANG_WARN_RANGE_LOOP_ANALYSIS = YES;
				CLANG_WARN_STRICT_PROTOTYPES = YES;
				CLANG_WARN_SUSPICIOUS_MOVE = YES;
				CLANG_WARN_UNREACHABLE_CODE = YES;
				CLANG_WARN__DUPLICATE_METHOD_MATCH = YES;
				"CODE_SIGN_IDENTITY[sdk=iphoneos*]" = "iPhone Developer";
				COPY_PHASE_STRIP = NO;
				DEBUG_INFORMATION_FORMAT = dwarf;
				ENABLE_STRICT_OBJC_MSGSEND = YES;
				ENABLE_TESTABILITY = YES;
				GCC_C_LANGUAGE_STANDARD = gnu99;
				GCC_DYNAMIC_NO_PIC = NO;
				GCC_NO_COMMON_BLOCKS = YES;
				GCC_OPTIMIZATION_LEVEL = 0;
				GCC_PREPROCESSOR_DEFINITIONS = (
					"DEBUG=1",
					"$(inherited)",
				);
				GCC_WARN_64_TO_32_BIT_CONVERSION = YES;
				GCC_WARN_ABOUT_RETURN_TYPE = YES_ERROR;
				GCC_WARN_UNDECLARED_SELECTOR = YES;
				GCC_WARN_UNINITIALIZED_AUTOS = YES_AGGRESSIVE;
				GCC_WARN_UNUSED_FUNCTION = YES;
				GCC_WARN_UNUSED_VARIABLE = YES;
				IPHONEOS_DEPLOYMENT_TARGET = 10.0;
				MTL_ENABLE_DEBUG_INFO = YES;
				ONLY_ACTIVE_ARCH = YES;
				SDKROOT = iphoneos;
				SWIFT_ACTIVE_COMPILATION_CONDITIONS = DEBUG;
				SWIFT_OPTIMIZATION_LEVEL = "-Onone";
			};
			name = Debug;
		};
		D9296CCB1EDB0F4900C54D89 /* Release */ = {
			isa = XCBuildConfiguration;
			buildSettings = {
				ALWAYS_SEARCH_USER_PATHS = NO;
				CLANG_ANALYZER_NONNULL = YES;
				CLANG_ANALYZER_NUMBER_OBJECT_CONVERSION = YES_AGGRESSIVE;
				CLANG_CXX_LANGUAGE_STANDARD = "gnu++0x";
				CLANG_CXX_LIBRARY = "libc++";
				CLANG_ENABLE_MODULES = YES;
				CLANG_ENABLE_OBJC_ARC = YES;
				CLANG_WARN_BLOCK_CAPTURE_AUTORELEASING = YES;
				CLANG_WARN_BOOL_CONVERSION = YES;
				CLANG_WARN_COMMA = YES;
				CLANG_WARN_CONSTANT_CONVERSION = YES;
				CLANG_WARN_DIRECT_OBJC_ISA_USAGE = YES_ERROR;
				CLANG_WARN_DOCUMENTATION_COMMENTS = YES;
				CLANG_WARN_EMPTY_BODY = YES;
				CLANG_WARN_ENUM_CONVERSION = YES;
				CLANG_WARN_INFINITE_RECURSION = YES;
				CLANG_WARN_INT_CONVERSION = YES;
				CLANG_WARN_NON_LITERAL_NULL_CONVERSION = YES;
				CLANG_WARN_OBJC_LITERAL_CONVERSION = YES;
				CLANG_WARN_OBJC_ROOT_CLASS = YES_ERROR;
				CLANG_WARN_RANGE_LOOP_ANALYSIS = YES;
				CLANG_WARN_STRICT_PROTOTYPES = YES;
				CLANG_WARN_SUSPICIOUS_MOVE = YES;
				CLANG_WARN_UNREACHABLE_CODE = YES;
				CLANG_WARN__DUPLICATE_METHOD_MATCH = YES;
				"CODE_SIGN_IDENTITY[sdk=iphoneos*]" = "iPhone Developer";
				COPY_PHASE_STRIP = NO;
				DEBUG_INFORMATION_FORMAT = "dwarf-with-dsym";
				ENABLE_NS_ASSERTIONS = NO;
				ENABLE_STRICT_OBJC_MSGSEND = YES;
				GCC_C_LANGUAGE_STANDARD = gnu99;
				GCC_NO_COMMON_BLOCKS = YES;
				GCC_WARN_64_TO_32_BIT_CONVERSION = YES;
				GCC_WARN_ABOUT_RETURN_TYPE = YES_ERROR;
				GCC_WARN_UNDECLARED_SELECTOR = YES;
				GCC_WARN_UNINITIALIZED_AUTOS = YES_AGGRESSIVE;
				GCC_WARN_UNUSED_FUNCTION = YES;
				GCC_WARN_UNUSED_VARIABLE = YES;
				IPHONEOS_DEPLOYMENT_TARGET = 10.0;
				MTL_ENABLE_DEBUG_INFO = NO;
				SDKROOT = iphoneos;
				SWIFT_OPTIMIZATION_LEVEL = "-Owholemodule";
				VALIDATE_PRODUCT = YES;
			};
			name = Release;
		};
		D9296CCD1EDB0F4900C54D89 /* Debug */ = {
			isa = XCBuildConfiguration;
			baseConfigurationReference = A72155E5C4CCDBD05B453558 /* Pods-MVP-FlowControllers.debug.xcconfig */;
			buildSettings = {
				ASSETCATALOG_COMPILER_APPICON_NAME = AppIcon;
				DEVELOPMENT_TEAM = GK5S624D99;
				INFOPLIST_FILE = "MVP-FlowControllers/Info.plist";
				LD_RUNPATH_SEARCH_PATHS = "$(inherited) @executable_path/Frameworks";
				PRODUCT_BUNDLE_IDENTIFIER = "com.alessioroberto.MVP-FlowControllers";
				PRODUCT_NAME = "$(TARGET_NAME)";
				SWIFT_SWIFT3_OBJC_INFERENCE = On;
				SWIFT_VERSION = 4.0;
			};
			name = Debug;
		};
		D9296CCE1EDB0F4900C54D89 /* Release */ = {
			isa = XCBuildConfiguration;
			baseConfigurationReference = 421BD8C34FCD7F91B562EC7E /* Pods-MVP-FlowControllers.release.xcconfig */;
			buildSettings = {
				ASSETCATALOG_COMPILER_APPICON_NAME = AppIcon;
				DEVELOPMENT_TEAM = GK5S624D99;
				INFOPLIST_FILE = "MVP-FlowControllers/Info.plist";
				LD_RUNPATH_SEARCH_PATHS = "$(inherited) @executable_path/Frameworks";
				PRODUCT_BUNDLE_IDENTIFIER = "com.alessioroberto.MVP-FlowControllers";
				PRODUCT_NAME = "$(TARGET_NAME)";
				SWIFT_SWIFT3_OBJC_INFERENCE = On;
				SWIFT_VERSION = 4.0;
			};
			name = Release;
		};
		D9296CD01EDB0F4900C54D89 /* Debug */ = {
			isa = XCBuildConfiguration;
			baseConfigurationReference = EC38112BF3675775D2643FE8 /* Pods-MVP-FlowControllersTests.debug.xcconfig */;
			buildSettings = {
				ALWAYS_EMBED_SWIFT_STANDARD_LIBRARIES = YES;
				BUNDLE_LOADER = "$(TEST_HOST)";
				DEVELOPMENT_TEAM = GK5S624D99;
				INFOPLIST_FILE = "MVP-FlowControllersTests/Info.plist";
				LD_RUNPATH_SEARCH_PATHS = "$(inherited) @executable_path/Frameworks @loader_path/Frameworks";
				PRODUCT_BUNDLE_IDENTIFIER = "com.alessioroberto.MVP-FlowControllersTests";
				PRODUCT_NAME = "$(TARGET_NAME)";
				SWIFT_SWIFT3_OBJC_INFERENCE = On;
				SWIFT_VERSION = 4.0;
				TEST_HOST = "$(BUILT_PRODUCTS_DIR)/MVP-FlowControllers.app/MVP-FlowControllers";
			};
			name = Debug;
		};
		D9296CD11EDB0F4900C54D89 /* Release */ = {
			isa = XCBuildConfiguration;
			baseConfigurationReference = 5FFB0003290B253B2341CB24 /* Pods-MVP-FlowControllersTests.release.xcconfig */;
			buildSettings = {
				ALWAYS_EMBED_SWIFT_STANDARD_LIBRARIES = YES;
				BUNDLE_LOADER = "$(TEST_HOST)";
				DEVELOPMENT_TEAM = GK5S624D99;
				INFOPLIST_FILE = "MVP-FlowControllersTests/Info.plist";
				LD_RUNPATH_SEARCH_PATHS = "$(inherited) @executable_path/Frameworks @loader_path/Frameworks";
				PRODUCT_BUNDLE_IDENTIFIER = "com.alessioroberto.MVP-FlowControllersTests";
				PRODUCT_NAME = "$(TARGET_NAME)";
				SWIFT_SWIFT3_OBJC_INFERENCE = On;
				SWIFT_VERSION = 4.0;
				TEST_HOST = "$(BUILT_PRODUCTS_DIR)/MVP-FlowControllers.app/MVP-FlowControllers";
			};
			name = Release;
		};
/* End XCBuildConfiguration section */

/* Begin XCConfigurationList section */
		D9296CAA1EDB0F4900C54D89 /* Build configuration list for PBXProject "MVP-FlowControllers" */ = {
			isa = XCConfigurationList;
			buildConfigurations = (
				D9296CCA1EDB0F4900C54D89 /* Debug */,
				D9296CCB1EDB0F4900C54D89 /* Release */,
			);
			defaultConfigurationIsVisible = 0;
			defaultConfigurationName = Release;
		};
		D9296CCC1EDB0F4900C54D89 /* Build configuration list for PBXNativeTarget "MVP-FlowControllers" */ = {
			isa = XCConfigurationList;
			buildConfigurations = (
				D9296CCD1EDB0F4900C54D89 /* Debug */,
				D9296CCE1EDB0F4900C54D89 /* Release */,
			);
			defaultConfigurationIsVisible = 0;
			defaultConfigurationName = Release;
		};
		D9296CCF1EDB0F4900C54D89 /* Build configuration list for PBXNativeTarget "MVP-FlowControllersTests" */ = {
			isa = XCConfigurationList;
			buildConfigurations = (
				D9296CD01EDB0F4900C54D89 /* Debug */,
				D9296CD11EDB0F4900C54D89 /* Release */,
			);
			defaultConfigurationIsVisible = 0;
			defaultConfigurationName = Release;
		};
/* End XCConfigurationList section */
	};
	rootObject = D9296CA71EDB0F4900C54D89 /* Project object */;
}
